
Microsoft Visual Studio Solution File, Format Version 12.00
# Visual Studio Version 16
VisualStudioVersion = 16.0.29324.140
MinimumVisualStudioVersion = 10.0.40219.1
Project("{FAE04EC0-301F-11D3-BF4B-00C04F79EFBC}") = "PortailReserve", "PortailReserve\PortailReserve.csproj", "{FF4EEE32-E674-45C3-B2B3-61E4AB23645C}"
EndProject
Global
	GlobalSection(SolutionConfigurationPlatforms) = preSolution
		Debug|Any CPU = Debug|Any CPU
		Release|Any CPU = Release|Any CPU
	EndGlobalSection
	GlobalSection(ProjectConfigurationPlatforms) = postSolution
		{FF4EEE32-E674-45C3-B2B3-61E4AB23645C}.Debug|Any CPU.ActiveCfg = Debug|Any CPU
		{FF4EEE32-E674-45C3-B2B3-61E4AB23645C}.Debug|Any CPU.Build.0 = Debug|Any CPU
		{FF4EEE32-E674-45C3-B2B3-61E4AB23645C}.Release|Any CPU.ActiveCfg = Release|Any CPU
		{FF4EEE32-E674-45C3-B2B3-61E4AB23645C}.Release|Any CPU.Build.0 = Release|Any CPU
	EndGlobalSection
	GlobalSection(SolutionProperties) = preSolution
		HideSolutionNode = FALSE
	EndGlobalSection
	GlobalSection(ExtensibilityGlobals) = postSolution
		SolutionGuid = {5A815AEC-8A00-4468-BCAD-991EA3DA10E4}
	EndGlobalSection
EndGlobal
